
Microsoft Visual Studio Solution File, Format Version 12.00
# Visual Studio 2012
# SharpDevelop 5.1
VisualStudioVersion = 12.0.20827.3
MinimumVisualStudioVersion = 10.0.40219.1
Project("{FAE04EC0-301F-11D3-BF4B-00C04F79EFBC}") = "EAAddinFramework", "..\Enterprise-Architect-Add-in-Framework\EAAddinFramework\EAAddinFramework.csproj", "{4161DD26-375F-4744-BA96-B70366E19A78}"
EndProject
Project("{FAE04EC0-301F-11D3-BF4B-00C04F79EFBC}") = "EAAddinTester", "..\Enterprise-Architect-Add-in-Framework\EAAddinTester\EAAddinTester.csproj", "{427AD7F0-BDF7-40CC-9A24-E56D7E61842D}"
EndProject
Project("{FAE04EC0-301F-11D3-BF4B-00C04F79EFBC}") = "MyAddin", "..\Enterprise-Architect-Add-in-Framework\MyAddin\MyAddin.csproj", "{E7CDD133-70A7-4E27-8E47-EE200655A1EA}"
EndProject
Project("{FAE04EC0-301F-11D3-BF4B-00C04F79EFBC}") = "EANavigator", "EANavigator\EANavigator.csproj", "{2BFBE8B8-528D-4844-BE0D-ECC68FE1CD1D}"
EndProject
Project("{FAE04EC0-301F-11D3-BF4B-00C04F79EFBC}") = "UMLToolingFramework", "..\UML-Tooling-Framework\UMLToolingFramework\UMLToolingFramework.csproj", "{0FC55607-C9D0-442D-941C-F23AD00CB318}"
EndProject
Project("{CFEE4113-1246-4D54-95CB-156813CB8593}") = "MyAddin_Setup", "..\Enterprise-Architect-Add-in-Framework\MyAddin_Setup\MyAddin_Setup.wixproj", "{5DF7F062-FF11-4CC4-BA70-06439AD1373A}"
EndProject
Project("{FAE04EC0-301F-11D3-BF4B-00C04F79EFBC}") = "EAWorksetSharing", "EAWorksetSharing\EAWorksetSharing.csproj", "{52A75EE4-43A3-4B91-BA88-C567C4ECEA0A}"
EndProject
Project("{FAE04EC0-301F-11D3-BF4B-00C04F79EFBC}") = "EAScriptAddin", "EAScriptAddin\EAScriptAddin.csproj", "{36C02EF9-C18F-4B64-AB69-80F5906DDBCE}"
EndProject
Project("{FAE04EC0-301F-11D3-BF4B-00C04F79EFBC}") = "LicensekeyGenerator", "LicensekeyGenerator\LicensekeyGenerator.csproj", "{E08CA016-61CF-42E7-B043-7A73CD9B8280}"
EndProject
Project("{FAE04EC0-301F-11D3-BF4B-00C04F79EFBC}") = "EAAddinManager", "EAAddinManager\EAAddinManager.csproj", "{30B86434-1822-4C23-97BD-6891ED4662A0}"
EndProject
Project("{FAE04EC0-301F-11D3-BF4B-00C04F79EFBC}") = "ECDMMessageComposer", "ECDMMessageComposer\ECDMMessageComposer.csproj", "{D800D986-DF66-4447-AD33-2E1D1ACF63FD}"
EndProject
Project("{FAE04EC0-301F-11D3-BF4B-00C04F79EFBC}") = "SchemaBuilderFramework", "..\UML-Tooling-Framework\SchemaBuilderFramework\SchemaBuilderFramework.csproj", "{5C63DAE8-2567-4270-8F7C-CEB8396B73D3}"
EndProject
Project("{CFEE4113-1246-4D54-95CB-156813CB8593}") = "EAToolPack_Setup", "EAToolPack_Setup\EAToolPack_Setup.wixproj", "{F4B5D7F7-D931-4A7E-8ACD-5FFD719CEEF0}"
EndProject
Project("{FAE04EC0-301F-11D3-BF4B-00C04F79EFBC}") = "EAImvertor", "EAImvertor\EAImvertor.csproj", "{9279CEA8-2B8B-42FA-9791-3E1C6F268720}"
EndProject
Project("{FAE04EC0-301F-11D3-BF4B-00C04F79EFBC}") = "EADatabaseTransformer", "EADatabaseTransformer\EADatabaseTransformer.csproj", "{FA1DF927-ED65-49ED-87D5-8AA59E18CA73}"
EndProject
Project("{FAE04EC0-301F-11D3-BF4B-00C04F79EFBC}") = "DatabaseFramework", "..\UML-Tooling-Framework\DatabaseFramework\DatabaseFramework.csproj", "{033C0DF8-5BB0-496F-B024-4443B9FCF2DC}"
EndProject
Project("{FAE04EC0-301F-11D3-BF4B-00C04F79EFBC}") = "EAMapping", "EAMapping\EAMapping.csproj", "{DAD41B55-3F07-425F-8ECF-D8D6770EBC4E}"
EndProject
Project("{FAE04EC0-301F-11D3-BF4B-00C04F79EFBC}") = "MappingFramework", "..\UML-Tooling-Framework\MappingFramework\MappingFramework.csproj", "{B56ABB9C-5AC0-4621-97B4-92D59C976F2F}"
EndProject
Project("{FAE04EC0-301F-11D3-BF4B-00C04F79EFBC}") = "EATFSConnector", "EATFSConnector\EATFSConnector.csproj", "{A96EF4DF-01DE-450C-8777-35986829FF78}"
EndProject
Project("{FAE04EC0-301F-11D3-BF4B-00C04F79EFBC}") = "WorkTrackingFramework", "..\UML-Tooling-Framework\WorkTrackingFramework\WorkTrackingFramework.csproj", "{5E06F0D2-B40A-45A9-BE8F-07DCDA11EF9C}"
EndProject
Project("{FAE04EC0-301F-11D3-BF4B-00C04F79EFBC}") = "DDL-Parser", "..\DDL-Parser\DDL-Parser.csproj", "{52156B88-F7A1-4007-B0E6-7E0ECC8B0B88}"
EndProject
Global
	GlobalSection(SolutionConfigurationPlatforms) = preSolution
		Debug|x86 = Debug|x86
		Debug|Any CPU = Debug|Any CPU
		Release|x86 = Release|x86
		Release|Any CPU = Release|Any CPU
	EndGlobalSection
	GlobalSection(ProjectConfigurationPlatforms) = postSolution
		{4161DD26-375F-4744-BA96-B70366E19A78}.Debug|x86.ActiveCfg = Debug|x86
		{4161DD26-375F-4744-BA96-B70366E19A78}.Debug|x86.Build.0 = Debug|x86
		{4161DD26-375F-4744-BA96-B70366E19A78}.Debug|Any CPU.ActiveCfg = Debug|Any CPU
		{4161DD26-375F-4744-BA96-B70366E19A78}.Debug|Any CPU.Build.0 = Debug|Any CPU
		{4161DD26-375F-4744-BA96-B70366E19A78}.Release|x86.ActiveCfg = Release|x86
		{4161DD26-375F-4744-BA96-B70366E19A78}.Release|x86.Build.0 = Release|x86
		{4161DD26-375F-4744-BA96-B70366E19A78}.Release|Any CPU.ActiveCfg = Release|Any CPU
		{4161DD26-375F-4744-BA96-B70366E19A78}.Release|Any CPU.Build.0 = Release|Any CPU
		{427AD7F0-BDF7-40CC-9A24-E56D7E61842D}.Debug|x86.ActiveCfg = Debug|x86
		{427AD7F0-BDF7-40CC-9A24-E56D7E61842D}.Debug|x86.Build.0 = Debug|x86
		{427AD7F0-BDF7-40CC-9A24-E56D7E61842D}.Debug|Any CPU.ActiveCfg = Debug|Any CPU
		{427AD7F0-BDF7-40CC-9A24-E56D7E61842D}.Debug|Any CPU.Build.0 = Debug|Any CPU
		{427AD7F0-BDF7-40CC-9A24-E56D7E61842D}.Release|x86.ActiveCfg = Release|x86
		{427AD7F0-BDF7-40CC-9A24-E56D7E61842D}.Release|x86.Build.0 = Release|x86
		{427AD7F0-BDF7-40CC-9A24-E56D7E61842D}.Release|Any CPU.ActiveCfg = Release|Any CPU
		{427AD7F0-BDF7-40CC-9A24-E56D7E61842D}.Release|Any CPU.Build.0 = Release|Any CPU
		{E7CDD133-70A7-4E27-8E47-EE200655A1EA}.Debug|x86.ActiveCfg = Debug|x86
		{E7CDD133-70A7-4E27-8E47-EE200655A1EA}.Debug|x86.Build.0 = Debug|x86
		{E7CDD133-70A7-4E27-8E47-EE200655A1EA}.Debug|Any CPU.ActiveCfg = Debug|Any CPU
		{E7CDD133-70A7-4E27-8E47-EE200655A1EA}.Debug|Any CPU.Build.0 = Debug|Any CPU
		{E7CDD133-70A7-4E27-8E47-EE200655A1EA}.Release|x86.ActiveCfg = Release|x86
		{E7CDD133-70A7-4E27-8E47-EE200655A1EA}.Release|x86.Build.0 = Release|x86
		{E7CDD133-70A7-4E27-8E47-EE200655A1EA}.Release|Any CPU.ActiveCfg = Release|Any CPU
		{E7CDD133-70A7-4E27-8E47-EE200655A1EA}.Release|Any CPU.Build.0 = Release|Any CPU
		{2BFBE8B8-528D-4844-BE0D-ECC68FE1CD1D}.Debug|x86.ActiveCfg = Debug|x86
		{2BFBE8B8-528D-4844-BE0D-ECC68FE1CD1D}.Debug|x86.Build.0 = Debug|x86
		{2BFBE8B8-528D-4844-BE0D-ECC68FE1CD1D}.Debug|Any CPU.ActiveCfg = Debug|Any CPU
		{2BFBE8B8-528D-4844-BE0D-ECC68FE1CD1D}.Debug|Any CPU.Build.0 = Debug|Any CPU
		{2BFBE8B8-528D-4844-BE0D-ECC68FE1CD1D}.Release|x86.ActiveCfg = Release|x86
		{2BFBE8B8-528D-4844-BE0D-ECC68FE1CD1D}.Release|x86.Build.0 = Release|x86
		{2BFBE8B8-528D-4844-BE0D-ECC68FE1CD1D}.Release|Any CPU.ActiveCfg = Release|Any CPU
		{2BFBE8B8-528D-4844-BE0D-ECC68FE1CD1D}.Release|Any CPU.Build.0 = Release|Any CPU
		{0FC55607-C9D0-442D-941C-F23AD00CB318}.Debug|x86.ActiveCfg = Debug|x86
		{0FC55607-C9D0-442D-941C-F23AD00CB318}.Debug|x86.Build.0 = Debug|x86
		{0FC55607-C9D0-442D-941C-F23AD00CB318}.Debug|Any CPU.ActiveCfg = Debug|Any CPU
		{0FC55607-C9D0-442D-941C-F23AD00CB318}.Debug|Any CPU.Build.0 = Debug|Any CPU
		{0FC55607-C9D0-442D-941C-F23AD00CB318}.Release|x86.ActiveCfg = Release|x86
		{0FC55607-C9D0-442D-941C-F23AD00CB318}.Release|x86.Build.0 = Release|x86
		{0FC55607-C9D0-442D-941C-F23AD00CB318}.Release|Any CPU.ActiveCfg = Release|Any CPU
		{0FC55607-C9D0-442D-941C-F23AD00CB318}.Release|Any CPU.Build.0 = Release|Any CPU
		{5DF7F062-FF11-4CC4-BA70-06439AD1373A}.Debug|x86.ActiveCfg = Debug|x86
		{5DF7F062-FF11-4CC4-BA70-06439AD1373A}.Debug|x86.Build.0 = Debug|x86
		{5DF7F062-FF11-4CC4-BA70-06439AD1373A}.Debug|Any CPU.ActiveCfg = Debug|Any CPU
		{5DF7F062-FF11-4CC4-BA70-06439AD1373A}.Debug|Any CPU.Build.0 = Debug|Any CPU
		{5DF7F062-FF11-4CC4-BA70-06439AD1373A}.Release|x86.ActiveCfg = Release|x86
		{5DF7F062-FF11-4CC4-BA70-06439AD1373A}.Release|x86.Build.0 = Release|x86
		{5DF7F062-FF11-4CC4-BA70-06439AD1373A}.Release|Any CPU.ActiveCfg = Release|Any CPU
		{5DF7F062-FF11-4CC4-BA70-06439AD1373A}.Release|Any CPU.Build.0 = Release|Any CPU
		{52A75EE4-43A3-4B91-BA88-C567C4ECEA0A}.Debug|x86.ActiveCfg = Debug|x86
		{52A75EE4-43A3-4B91-BA88-C567C4ECEA0A}.Debug|x86.Build.0 = Debug|x86
		{52A75EE4-43A3-4B91-BA88-C567C4ECEA0A}.Debug|Any CPU.ActiveCfg = Debug|Any CPU
		{52A75EE4-43A3-4B91-BA88-C567C4ECEA0A}.Debug|Any CPU.Build.0 = Debug|Any CPU
		{52A75EE4-43A3-4B91-BA88-C567C4ECEA0A}.Release|x86.ActiveCfg = Release|x86
		{52A75EE4-43A3-4B91-BA88-C567C4ECEA0A}.Release|x86.Build.0 = Release|x86
		{52A75EE4-43A3-4B91-BA88-C567C4ECEA0A}.Release|Any CPU.ActiveCfg = Release|Any CPU
		{52A75EE4-43A3-4B91-BA88-C567C4ECEA0A}.Release|Any CPU.Build.0 = Release|Any CPU
		{36C02EF9-C18F-4B64-AB69-80F5906DDBCE}.Debug|x86.ActiveCfg = Debug|x86
		{36C02EF9-C18F-4B64-AB69-80F5906DDBCE}.Debug|x86.Build.0 = Debug|x86
		{36C02EF9-C18F-4B64-AB69-80F5906DDBCE}.Debug|Any CPU.ActiveCfg = Debug|Any CPU
		{36C02EF9-C18F-4B64-AB69-80F5906DDBCE}.Debug|Any CPU.Build.0 = Debug|Any CPU
		{36C02EF9-C18F-4B64-AB69-80F5906DDBCE}.Release|x86.ActiveCfg = Release|x86
		{36C02EF9-C18F-4B64-AB69-80F5906DDBCE}.Release|x86.Build.0 = Release|x86
		{36C02EF9-C18F-4B64-AB69-80F5906DDBCE}.Release|Any CPU.ActiveCfg = Release|Any CPU
		{36C02EF9-C18F-4B64-AB69-80F5906DDBCE}.Release|Any CPU.Build.0 = Release|Any CPU
		{E08CA016-61CF-42E7-B043-7A73CD9B8280}.Debug|x86.ActiveCfg = Debug|x86
		{E08CA016-61CF-42E7-B043-7A73CD9B8280}.Debug|x86.Build.0 = Debug|x86
		{E08CA016-61CF-42E7-B043-7A73CD9B8280}.Debug|Any CPU.ActiveCfg = Debug|Any CPU
		{E08CA016-61CF-42E7-B043-7A73CD9B8280}.Debug|Any CPU.Build.0 = Debug|Any CPU
		{E08CA016-61CF-42E7-B043-7A73CD9B8280}.Release|x86.ActiveCfg = Release|x86
		{E08CA016-61CF-42E7-B043-7A73CD9B8280}.Release|x86.Build.0 = Release|x86
		{E08CA016-61CF-42E7-B043-7A73CD9B8280}.Release|Any CPU.ActiveCfg = Release|Any CPU
		{E08CA016-61CF-42E7-B043-7A73CD9B8280}.Release|Any CPU.Build.0 = Release|Any CPU
		{30B86434-1822-4C23-97BD-6891ED4662A0}.Debug|x86.ActiveCfg = Debug|x86
		{30B86434-1822-4C23-97BD-6891ED4662A0}.Debug|x86.Build.0 = Debug|x86
		{30B86434-1822-4C23-97BD-6891ED4662A0}.Debug|Any CPU.ActiveCfg = Debug|Any CPU
		{30B86434-1822-4C23-97BD-6891ED4662A0}.Debug|Any CPU.Build.0 = Debug|Any CPU
		{30B86434-1822-4C23-97BD-6891ED4662A0}.Release|x86.ActiveCfg = Release|x86
		{30B86434-1822-4C23-97BD-6891ED4662A0}.Release|x86.Build.0 = Release|x86
		{30B86434-1822-4C23-97BD-6891ED4662A0}.Release|Any CPU.ActiveCfg = Release|Any CPU
		{30B86434-1822-4C23-97BD-6891ED4662A0}.Release|Any CPU.Build.0 = Release|Any CPU
		{D800D986-DF66-4447-AD33-2E1D1ACF63FD}.Debug|x86.ActiveCfg = Debug|x86
		{D800D986-DF66-4447-AD33-2E1D1ACF63FD}.Debug|x86.Build.0 = Debug|x86
		{D800D986-DF66-4447-AD33-2E1D1ACF63FD}.Debug|Any CPU.ActiveCfg = Debug|Any CPU
		{D800D986-DF66-4447-AD33-2E1D1ACF63FD}.Debug|Any CPU.Build.0 = Debug|Any CPU
		{D800D986-DF66-4447-AD33-2E1D1ACF63FD}.Release|x86.ActiveCfg = Release|x86
		{D800D986-DF66-4447-AD33-2E1D1ACF63FD}.Release|x86.Build.0 = Release|x86
		{D800D986-DF66-4447-AD33-2E1D1ACF63FD}.Release|Any CPU.ActiveCfg = Release|Any CPU
		{D800D986-DF66-4447-AD33-2E1D1ACF63FD}.Release|Any CPU.Build.0 = Release|Any CPU
		{5C63DAE8-2567-4270-8F7C-CEB8396B73D3}.Debug|x86.ActiveCfg = Debug|x86
		{5C63DAE8-2567-4270-8F7C-CEB8396B73D3}.Debug|x86.Build.0 = Debug|x86
		{5C63DAE8-2567-4270-8F7C-CEB8396B73D3}.Debug|Any CPU.ActiveCfg = Debug|Any CPU
		{5C63DAE8-2567-4270-8F7C-CEB8396B73D3}.Debug|Any CPU.Build.0 = Debug|Any CPU
		{5C63DAE8-2567-4270-8F7C-CEB8396B73D3}.Release|x86.ActiveCfg = Release|x86
		{5C63DAE8-2567-4270-8F7C-CEB8396B73D3}.Release|x86.Build.0 = Release|x86
		{5C63DAE8-2567-4270-8F7C-CEB8396B73D3}.Release|Any CPU.ActiveCfg = Release|Any CPU
		{5C63DAE8-2567-4270-8F7C-CEB8396B73D3}.Release|Any CPU.Build.0 = Release|Any CPU
		{F4B5D7F7-D931-4A7E-8ACD-5FFD719CEEF0}.Debug|x86.ActiveCfg = Debug|x86
		{F4B5D7F7-D931-4A7E-8ACD-5FFD719CEEF0}.Debug|x86.Build.0 = Debug|x86
		{F4B5D7F7-D931-4A7E-8ACD-5FFD719CEEF0}.Debug|Any CPU.ActiveCfg = Debug|Any CPU
		{F4B5D7F7-D931-4A7E-8ACD-5FFD719CEEF0}.Debug|Any CPU.Build.0 = Debug|Any CPU
		{F4B5D7F7-D931-4A7E-8ACD-5FFD719CEEF0}.Release|x86.ActiveCfg = Release|x86
		{F4B5D7F7-D931-4A7E-8ACD-5FFD719CEEF0}.Release|x86.Build.0 = Release|x86
		{F4B5D7F7-D931-4A7E-8ACD-5FFD719CEEF0}.Release|Any CPU.ActiveCfg = Release|Any CPU
		{F4B5D7F7-D931-4A7E-8ACD-5FFD719CEEF0}.Release|Any CPU.Build.0 = Release|Any CPU
		{9279CEA8-2B8B-42FA-9791-3E1C6F268720}.Debug|x86.ActiveCfg = Debug|x86
		{9279CEA8-2B8B-42FA-9791-3E1C6F268720}.Debug|x86.Build.0 = Debug|x86
		{9279CEA8-2B8B-42FA-9791-3E1C6F268720}.Debug|Any CPU.ActiveCfg = Debug|Any CPU
		{9279CEA8-2B8B-42FA-9791-3E1C6F268720}.Debug|Any CPU.Build.0 = Debug|Any CPU
		{9279CEA8-2B8B-42FA-9791-3E1C6F268720}.Release|x86.ActiveCfg = Release|x86
		{9279CEA8-2B8B-42FA-9791-3E1C6F268720}.Release|x86.Build.0 = Release|x86
		{9279CEA8-2B8B-42FA-9791-3E1C6F268720}.Release|Any CPU.ActiveCfg = Release|Any CPU
		{9279CEA8-2B8B-42FA-9791-3E1C6F268720}.Release|Any CPU.Build.0 = Release|Any CPU
		{FA1DF927-ED65-49ED-87D5-8AA59E18CA73}.Debug|x86.ActiveCfg = Debug|x86
		{FA1DF927-ED65-49ED-87D5-8AA59E18CA73}.Debug|x86.Build.0 = Debug|x86
		{FA1DF927-ED65-49ED-87D5-8AA59E18CA73}.Debug|Any CPU.ActiveCfg = Debug|Any CPU
		{FA1DF927-ED65-49ED-87D5-8AA59E18CA73}.Debug|Any CPU.Build.0 = Debug|Any CPU
		{FA1DF927-ED65-49ED-87D5-8AA59E18CA73}.Release|x86.ActiveCfg = Release|x86
		{FA1DF927-ED65-49ED-87D5-8AA59E18CA73}.Release|x86.Build.0 = Release|x86
		{FA1DF927-ED65-49ED-87D5-8AA59E18CA73}.Release|Any CPU.ActiveCfg = Release|Any CPU
		{FA1DF927-ED65-49ED-87D5-8AA59E18CA73}.Release|Any CPU.Build.0 = Release|Any CPU
		{033C0DF8-5BB0-496F-B024-4443B9FCF2DC}.Debug|x86.ActiveCfg = Debug|x86
		{033C0DF8-5BB0-496F-B024-4443B9FCF2DC}.Debug|x86.Build.0 = Debug|x86
		{033C0DF8-5BB0-496F-B024-4443B9FCF2DC}.Debug|Any CPU.ActiveCfg = Debug|Any CPU
		{033C0DF8-5BB0-496F-B024-4443B9FCF2DC}.Debug|Any CPU.Build.0 = Debug|Any CPU
		{033C0DF8-5BB0-496F-B024-4443B9FCF2DC}.Release|x86.ActiveCfg = Release|x86
		{033C0DF8-5BB0-496F-B024-4443B9FCF2DC}.Release|x86.Build.0 = Release|x86
		{033C0DF8-5BB0-496F-B024-4443B9FCF2DC}.Release|Any CPU.ActiveCfg = Release|Any CPU
		{033C0DF8-5BB0-496F-B024-4443B9FCF2DC}.Release|Any CPU.Build.0 = Release|Any CPU
		{DAD41B55-3F07-425F-8ECF-D8D6770EBC4E}.Debug|x86.ActiveCfg = Debug|x86
		{DAD41B55-3F07-425F-8ECF-D8D6770EBC4E}.Debug|x86.Build.0 = Debug|x86
		{DAD41B55-3F07-425F-8ECF-D8D6770EBC4E}.Debug|Any CPU.ActiveCfg = Debug|Any CPU
		{DAD41B55-3F07-425F-8ECF-D8D6770EBC4E}.Debug|Any CPU.Build.0 = Debug|Any CPU
		{DAD41B55-3F07-425F-8ECF-D8D6770EBC4E}.Release|x86.ActiveCfg = Release|x86
		{DAD41B55-3F07-425F-8ECF-D8D6770EBC4E}.Release|x86.Build.0 = Release|x86
		{DAD41B55-3F07-425F-8ECF-D8D6770EBC4E}.Release|Any CPU.ActiveCfg = Release|Any CPU
		{DAD41B55-3F07-425F-8ECF-D8D6770EBC4E}.Release|Any CPU.Build.0 = Release|Any CPU
		{B56ABB9C-5AC0-4621-97B4-92D59C976F2F}.Debug|x86.ActiveCfg = Debug|x86
		{B56ABB9C-5AC0-4621-97B4-92D59C976F2F}.Debug|x86.Build.0 = Debug|x86
		{B56ABB9C-5AC0-4621-97B4-92D59C976F2F}.Debug|Any CPU.ActiveCfg = Debug|Any CPU
		{B56ABB9C-5AC0-4621-97B4-92D59C976F2F}.Debug|Any CPU.Build.0 = Debug|Any CPU
		{B56ABB9C-5AC0-4621-97B4-92D59C976F2F}.Release|x86.ActiveCfg = Release|x86
		{B56ABB9C-5AC0-4621-97B4-92D59C976F2F}.Release|x86.Build.0 = Release|x86
		{B56ABB9C-5AC0-4621-97B4-92D59C976F2F}.Release|Any CPU.ActiveCfg = Release|Any CPU
		{B56ABB9C-5AC0-4621-97B4-92D59C976F2F}.Release|Any CPU.Build.0 = Release|Any CPU
		{A96EF4DF-01DE-450C-8777-35986829FF78}.Debug|x86.ActiveCfg = Debug|x86
		{A96EF4DF-01DE-450C-8777-35986829FF78}.Debug|x86.Build.0 = Debug|x86
		{A96EF4DF-01DE-450C-8777-35986829FF78}.Debug|Any CPU.ActiveCfg = Debug|Any CPU
		{A96EF4DF-01DE-450C-8777-35986829FF78}.Debug|Any CPU.Build.0 = Debug|Any CPU
		{A96EF4DF-01DE-450C-8777-35986829FF78}.Release|x86.ActiveCfg = Release|x86
		{A96EF4DF-01DE-450C-8777-35986829FF78}.Release|x86.Build.0 = Release|x86
		{A96EF4DF-01DE-450C-8777-35986829FF78}.Release|Any CPU.ActiveCfg = Release|Any CPU
		{A96EF4DF-01DE-450C-8777-35986829FF78}.Release|Any CPU.Build.0 = Release|Any CPU
		{5E06F0D2-B40A-45A9-BE8F-07DCDA11EF9C}.Debug|x86.ActiveCfg = Debug|x86
		{5E06F0D2-B40A-45A9-BE8F-07DCDA11EF9C}.Debug|x86.Build.0 = Debug|x86
		{5E06F0D2-B40A-45A9-BE8F-07DCDA11EF9C}.Debug|Any CPU.ActiveCfg = Debug|Any CPU
		{5E06F0D2-B40A-45A9-BE8F-07DCDA11EF9C}.Debug|Any CPU.Build.0 = Debug|Any CPU
		{5E06F0D2-B40A-45A9-BE8F-07DCDA11EF9C}.Release|x86.ActiveCfg = Release|x86
		{5E06F0D2-B40A-45A9-BE8F-07DCDA11EF9C}.Release|x86.Build.0 = Release|x86
		{5E06F0D2-B40A-45A9-BE8F-07DCDA11EF9C}.Release|Any CPU.ActiveCfg = Release|Any CPU
		{5E06F0D2-B40A-45A9-BE8F-07DCDA11EF9C}.Release|Any CPU.Build.0 = Release|Any CPU
		{52156B88-F7A1-4007-B0E6-7E0ECC8B0B88}.Debug|x86.ActiveCfg = Debug|x86
		{52156B88-F7A1-4007-B0E6-7E0ECC8B0B88}.Debug|x86.Build.0 = Debug|x86
		{52156B88-F7A1-4007-B0E6-7E0ECC8B0B88}.Debug|Any CPU.ActiveCfg = Debug|Any CPU
		{52156B88-F7A1-4007-B0E6-7E0ECC8B0B88}.Debug|Any CPU.Build.0 = Debug|Any CPU
		{52156B88-F7A1-4007-B0E6-7E0ECC8B0B88}.Release|x86.ActiveCfg = Release|x86
		{52156B88-F7A1-4007-B0E6-7E0ECC8B0B88}.Release|x86.Build.0 = Release|x86
		{52156B88-F7A1-4007-B0E6-7E0ECC8B0B88}.Release|Any CPU.ActiveCfg = Release|Any CPU
		{52156B88-F7A1-4007-B0E6-7E0ECC8B0B88}.Release|Any CPU.Build.0 = Release|Any CPU
	EndGlobalSection
EndGlobal
